
Microsoft Visual Studio Solution File, Format Version 12.00
# Visual Studio 2012
Project("{FAE04EC0-301F-11D3-BF4B-00C04F79EFBC}") = "JustTrade", "JustTrade\JustTrade.csproj", "{F7F9CA30-E004-415D-BF51-17D32C13C0C4}"
EndProject
Project("{FAE04EC0-301F-11D3-BF4B-00C04F79EFBC}") = "JustTrade.Tests", "JustTrade.Tests\JustTrade.Tests.csproj", "{64C9D09D-8578-4B6F-8DB5-88C8D4A5360F}"
EndProject
Project("{FAE04EC0-301F-11D3-BF4B-00C04F79EFBC}") = "JustTrade.Database", "JustTrade.Database\JustTrade.Database.csproj", "{BE8706BF-07DF-47C9-ABB9-C35D5F4856B5}"
EndProject
Project("{FAE04EC0-301F-11D3-BF4B-00C04F79EFBC}") = "JustTrade.Helpers", "JustTrade.Helpers\JustTrade.Helpers.csproj", "{E0203C6C-B04F-42E6-AD3E-C1CF0F7D559C}"
EndProject
Global
	GlobalSection(SolutionConfigurationPlatforms) = preSolution
		Debug|Any CPU = Debug|Any CPU
		Release|Any CPU = Release|Any CPU
	EndGlobalSection
	GlobalSection(ProjectConfigurationPlatforms) = postSolution
		{F7F9CA30-E004-415D-BF51-17D32C13C0C4}.Debug|Any CPU.ActiveCfg = Debug|Any CPU
		{F7F9CA30-E004-415D-BF51-17D32C13C0C4}.Debug|Any CPU.Build.0 = Debug|Any CPU
		{F7F9CA30-E004-415D-BF51-17D32C13C0C4}.Release|Any CPU.ActiveCfg = Release|Any CPU
		{F7F9CA30-E004-415D-BF51-17D32C13C0C4}.Release|Any CPU.Build.0 = Release|Any CPU
		{64C9D09D-8578-4B6F-8DB5-88C8D4A5360F}.Debug|Any CPU.ActiveCfg = Debug|Any CPU
		{64C9D09D-8578-4B6F-8DB5-88C8D4A5360F}.Debug|Any CPU.Build.0 = Debug|Any CPU
		{64C9D09D-8578-4B6F-8DB5-88C8D4A5360F}.Release|Any CPU.ActiveCfg = Release|Any CPU
		{64C9D09D-8578-4B6F-8DB5-88C8D4A5360F}.Release|Any CPU.Build.0 = Release|Any CPU
		{BE8706BF-07DF-47C9-ABB9-C35D5F4856B5}.Debug|Any CPU.ActiveCfg = Debug|Any CPU
		{BE8706BF-07DF-47C9-ABB9-C35D5F4856B5}.Debug|Any CPU.Build.0 = Debug|Any CPU
		{BE8706BF-07DF-47C9-ABB9-C35D5F4856B5}.Release|Any CPU.ActiveCfg = Release|Any CPU
		{BE8706BF-07DF-47C9-ABB9-C35D5F4856B5}.Release|Any CPU.Build.0 = Release|Any CPU
		{E0203C6C-B04F-42E6-AD3E-C1CF0F7D559C}.Debug|Any CPU.ActiveCfg = Debug|Any CPU
		{E0203C6C-B04F-42E6-AD3E-C1CF0F7D559C}.Debug|Any CPU.Build.0 = Debug|Any CPU
		{E0203C6C-B04F-42E6-AD3E-C1CF0F7D559C}.Release|Any CPU.ActiveCfg = Release|Any CPU
		{E0203C6C-B04F-42E6-AD3E-C1CF0F7D559C}.Release|Any CPU.Build.0 = Release|Any CPU
	EndGlobalSection
	GlobalSection(SolutionProperties) = preSolution
		HideSolutionNode = FALSE
	EndGlobalSection
	GlobalSection(MonoDevelopProperties) = preSolution
		Policies = $0
		$0.DotNetNamingPolicy = $1
		$1.DirectoryNamespaceAssociation = None
		$1.ResourceNamePolicy = FileFormatDefault
		$0.TextStylePolicy = $13
		$2.inheritsSet = VisualStudio
		$2.inheritsScope = text/plain
		$2.scope = text/x-csharp
		$0.CSharpFormattingPolicy = $3
		$3.IndentSwitchBody = True
		$3.IndentBlocksInsideExpressions = True
		$3.AnonymousMethodBraceStyle = NextLine
		$3.PropertyBraceStyle = NextLine
		$3.PropertyGetBraceStyle = NextLine
		$3.PropertySetBraceStyle = NextLine
		$3.EventBraceStyle = NextLine
		$3.EventAddBraceStyle = NextLine
		$3.EventRemoveBraceStyle = NextLine
		$3.StatementBraceStyle = NextLine
		$3.ElseNewLinePlacement = NewLine
		$3.CatchNewLinePlacement = NewLine
		$3.FinallyNewLinePlacement = NewLine
		$3.WhileNewLinePlacement = DoNotCare
		$3.ArrayInitializerWrapping = DoNotChange
		$3.ArrayInitializerBraceStyle = NextLine
		$3.BeforeMethodDeclarationParentheses = False
		$3.BeforeMethodCallParentheses = False
		$3.BeforeConstructorDeclarationParentheses = False
		$3.NewLineBeforeConstructorInitializerColon = NewLine
		$3.NewLineAfterConstructorInitializerColon = SameLine
		$3.BeforeDelegateDeclarationParentheses = False
		$3.NewParentheses = False
		$3.SpacesBeforeBrackets = False
		$3.inheritsSet = Mono
		$3.inheritsScope = text/x-csharp
		$3.scope = text/x-csharp
		$4.inheritsSet = VisualStudio
		$4.inheritsScope = text/plain
		$4.scope = text/plain
		$5.inheritsSet = Mono
		$5.inheritsScope = text/plain
		$5.scope = application/config+xml
		$0.XmlFormattingPolicy = $14
		$6.inheritsSet = Mono
		$6.inheritsScope = application/xml
		$6.scope = application/config+xml
		$7.inheritsSet = Mono
		$7.inheritsScope = text/plain
		$7.scope = application/xml
		$8.inheritsSet = Mono
		$8.inheritsScope = application/xml
		$8.scope = application/xml
		$9.inheritsSet = VisualStudio
		$9.inheritsScope = text/plain
		$9.scope = text/x-cshtml
		$10.inheritsSet = VisualStudio
		$10.inheritsScope = text/plain
		$10.scope = application/x-asax
		$11.inheritsSet = VisualStudio
		$11.inheritsScope = text/plain
		$11.scope = application/javascript
		$12.inheritsSet = VisualStudio
		$12.inheritsScope = text/plain
		$12.scope = text/css
		$13.inheritsSet = Mono
		$13.inheritsScope = text/plain
		$13.scope = image/svg+xml
		$14.inheritsSet = Mono
		$14.inheritsScope = application/xml
		$14.scope = image/svg+xml
	EndGlobalSection
EndGlobal
