
Microsoft Visual Studio Solution File, Format Version 12.00
# Visual Studio 2012
Project("{FAE04EC0-301F-11D3-BF4B-00C04F79EFBC}") = "JustTrade", "JustTrade\JustTrade.csproj", "{6EE0C4F9-3C27-46D9-91EE-B5D02A006A46}"
EndProject
Project("{FAE04EC0-301F-11D3-BF4B-00C04F79EFBC}") = "JustTrade.Tests", "JustTrade.Tests\JustTrade.Tests.csproj", "{38593778-6A28-4C1A-A365-39F0403046CE}"
EndProject
Project("{FAE04EC0-301F-11D3-BF4B-00C04F79EFBC}") = "Database", "Database\Database.csproj", "{368253EA-EF9D-42FF-BBD9-B85B16B7F3C0}"
EndProject
Global
	GlobalSection(SolutionConfigurationPlatforms) = preSolution
		Debug|Any CPU = Debug|Any CPU
		Release|Any CPU = Release|Any CPU
	EndGlobalSection
	GlobalSection(ProjectConfigurationPlatforms) = postSolution
		{368253EA-EF9D-42FF-BBD9-B85B16B7F3C0}.Debug|Any CPU.ActiveCfg = Debug|Any CPU
		{368253EA-EF9D-42FF-BBD9-B85B16B7F3C0}.Debug|Any CPU.Build.0 = Debug|Any CPU
		{368253EA-EF9D-42FF-BBD9-B85B16B7F3C0}.Release|Any CPU.ActiveCfg = Release|Any CPU
		{368253EA-EF9D-42FF-BBD9-B85B16B7F3C0}.Release|Any CPU.Build.0 = Release|Any CPU
		{38593778-6A28-4C1A-A365-39F0403046CE}.Debug|Any CPU.ActiveCfg = Debug|Any CPU
		{38593778-6A28-4C1A-A365-39F0403046CE}.Debug|Any CPU.Build.0 = Debug|Any CPU
		{38593778-6A28-4C1A-A365-39F0403046CE}.Release|Any CPU.ActiveCfg = Release|Any CPU
		{38593778-6A28-4C1A-A365-39F0403046CE}.Release|Any CPU.Build.0 = Release|Any CPU
		{6EE0C4F9-3C27-46D9-91EE-B5D02A006A46}.Debug|Any CPU.ActiveCfg = Debug|Any CPU
		{6EE0C4F9-3C27-46D9-91EE-B5D02A006A46}.Debug|Any CPU.Build.0 = Debug|Any CPU
		{6EE0C4F9-3C27-46D9-91EE-B5D02A006A46}.Release|Any CPU.ActiveCfg = Release|Any CPU
		{6EE0C4F9-3C27-46D9-91EE-B5D02A006A46}.Release|Any CPU.Build.0 = Release|Any CPU
	EndGlobalSection
EndGlobal
