
Microsoft Visual Studio Solution File, Format Version 12.00
# Visual Studio 2012
Project("{FAE04EC0-301F-11D3-BF4B-00C04F79EFBC}") = "JustTrade", "JustTrade\JustTrade.csproj", "{6EE0C4F9-3C27-46D9-91EE-B5D02A006A46}"
EndProject
Project("{FAE04EC0-301F-11D3-BF4B-00C04F79EFBC}") = "JustTrade.Tests", "JustTrade.Tests\JustTrade.Tests.csproj", "{38593778-6A28-4C1A-A365-39F0403046CE}"
EndProject
Project("{FAE04EC0-301F-11D3-BF4B-00C04F79EFBC}") = "JustTrade.Database", "Database\JustTrade.Database.csproj", "{368253EA-EF9D-42FF-BBD9-B85B16B7F3C0}"
EndProject
Project("{FAE04EC0-301F-11D3-BF4B-00C04F79EFBC}") = "JustTrade.Helpers", "JustTrade.Helpers\JustTrade.Helpers.csproj", "{E683D92B-9995-40FE-9C68-DB0B41AF713C}"
EndProject
Global
	GlobalSection(SolutionConfigurationPlatforms) = preSolution
		Debug|Any CPU = Debug|Any CPU
		Release|Any CPU = Release|Any CPU
	EndGlobalSection
	GlobalSection(ProjectConfigurationPlatforms) = postSolution
		{368253EA-EF9D-42FF-BBD9-B85B16B7F3C0}.Debug|Any CPU.ActiveCfg = Debug|Any CPU
		{368253EA-EF9D-42FF-BBD9-B85B16B7F3C0}.Debug|Any CPU.Build.0 = Debug|Any CPU
		{368253EA-EF9D-42FF-BBD9-B85B16B7F3C0}.Release|Any CPU.ActiveCfg = Release|Any CPU
		{368253EA-EF9D-42FF-BBD9-B85B16B7F3C0}.Release|Any CPU.Build.0 = Release|Any CPU
		{38593778-6A28-4C1A-A365-39F0403046CE}.Debug|Any CPU.ActiveCfg = Debug|Any CPU
		{38593778-6A28-4C1A-A365-39F0403046CE}.Debug|Any CPU.Build.0 = Debug|Any CPU
		{38593778-6A28-4C1A-A365-39F0403046CE}.Release|Any CPU.ActiveCfg = Release|Any CPU
		{38593778-6A28-4C1A-A365-39F0403046CE}.Release|Any CPU.Build.0 = Release|Any CPU
		{6EE0C4F9-3C27-46D9-91EE-B5D02A006A46}.Debug|Any CPU.ActiveCfg = Debug|Any CPU
		{6EE0C4F9-3C27-46D9-91EE-B5D02A006A46}.Debug|Any CPU.Build.0 = Debug|Any CPU
		{6EE0C4F9-3C27-46D9-91EE-B5D02A006A46}.Release|Any CPU.ActiveCfg = Release|Any CPU
		{6EE0C4F9-3C27-46D9-91EE-B5D02A006A46}.Release|Any CPU.Build.0 = Release|Any CPU
		{E683D92B-9995-40FE-9C68-DB0B41AF713C}.Debug|Any CPU.ActiveCfg = Debug|Any CPU
		{E683D92B-9995-40FE-9C68-DB0B41AF713C}.Debug|Any CPU.Build.0 = Debug|Any CPU
		{E683D92B-9995-40FE-9C68-DB0B41AF713C}.Release|Any CPU.ActiveCfg = Release|Any CPU
		{E683D92B-9995-40FE-9C68-DB0B41AF713C}.Release|Any CPU.Build.0 = Release|Any CPU
	EndGlobalSection
	GlobalSection(MonoDevelopProperties) = preSolution
		Policies = $0
		$0.DotNetNamingPolicy = $1
		$1.DirectoryNamespaceAssociation = None
		$1.ResourceNamePolicy = FileFormatDefault
		$0.TextStylePolicy = $2
		$2.inheritsSet = VisualStudio
		$2.inheritsScope = text/plain
		$2.scope = text/x-csharp
		$0.CSharpFormattingPolicy = $3
		$3.IndentSwitchBody = True
		$3.IndentBlocksInsideExpressions = True
		$3.AnonymousMethodBraceStyle = NextLine
		$3.PropertyBraceStyle = NextLine
		$3.PropertyGetBraceStyle = NextLine
		$3.PropertySetBraceStyle = NextLine
		$3.EventBraceStyle = NextLine
		$3.EventAddBraceStyle = NextLine
		$3.EventRemoveBraceStyle = NextLine
		$3.StatementBraceStyle = NextLine
		$3.ElseNewLinePlacement = NewLine
		$3.CatchNewLinePlacement = NewLine
		$3.FinallyNewLinePlacement = NewLine
		$3.WhileNewLinePlacement = DoNotCare
		$3.ArrayInitializerWrapping = DoNotChange
		$3.ArrayInitializerBraceStyle = NextLine
		$3.BeforeMethodDeclarationParentheses = False
		$3.BeforeMethodCallParentheses = False
		$3.BeforeConstructorDeclarationParentheses = False
		$3.NewLineBeforeConstructorInitializerColon = NewLine
		$3.NewLineAfterConstructorInitializerColon = SameLine
		$3.BeforeDelegateDeclarationParentheses = False
		$3.NewParentheses = False
		$3.SpacesBeforeBrackets = False
		$3.inheritsSet = Mono
		$3.inheritsScope = text/x-csharp
		$3.scope = text/x-csharp
		$0.TextStylePolicy = $4
		$4.inheritsSet = VisualStudio
		$4.inheritsScope = text/plain
		$4.scope = text/plain
		$0.TextStylePolicy = $5
		$5.inheritsSet = null
		$5.scope = application/config+xml
		$0.XmlFormattingPolicy = $6
		$6.inheritsSet = null
		$6.scope = application/config+xml
		$0.TextStylePolicy = $7
		$7.inheritsSet = null
		$7.scope = application/xml
		$0.XmlFormattingPolicy = $8
		$8.inheritsSet = Mono
		$8.inheritsScope = application/xml
		$8.scope = application/xml
		$0.TextStylePolicy = $9
		$9.inheritsSet = VisualStudio
		$9.inheritsScope = text/plain
		$9.scope = text/x-cshtml
		$0.TextStylePolicy = $10
		$10.inheritsSet = VisualStudio
		$10.inheritsScope = text/plain
		$10.scope = application/x-asax
		$0.TextStylePolicy = $11
		$11.inheritsSet = VisualStudio
		$11.inheritsScope = text/plain
		$11.scope = application/javascript
		$0.TextStylePolicy = $12
		$12.inheritsSet = VisualStudio
		$12.inheritsScope = text/plain
		$12.scope = text/css
		$0.TextStylePolicy = $13
		$13.inheritsSet = null
		$13.scope = image/svg+xml
		$0.XmlFormattingPolicy = $14
		$14.inheritsSet = null
		$14.scope = image/svg+xml
		$0.StandardHeader = $15
		$15.Text = 
		$15.IncludeInNewFiles = True
		$0.NameConventionPolicy = $16
		$16.Rules = $17
		$17.NamingRule = $18
		$18.Name = Namespaces
		$18.AffectedEntity = Namespace
		$18.VisibilityMask = VisibilityMask
		$18.NamingStyle = PascalCase
		$18.IncludeInstanceMembers = True
		$18.IncludeStaticEntities = True
		$17.NamingRule = $19
		$19.Name = Types
		$19.AffectedEntity = Class, Struct, Enum, Delegate
		$19.VisibilityMask = Public
		$19.NamingStyle = PascalCase
		$19.IncludeInstanceMembers = True
		$19.IncludeStaticEntities = True
		$17.NamingRule = $20
		$20.Name = Interfaces
		$20.RequiredPrefixes = $21
		$21.String = I
		$20.AffectedEntity = Interface
		$20.VisibilityMask = Public
		$20.NamingStyle = PascalCase
		$20.IncludeInstanceMembers = True
		$20.IncludeStaticEntities = True
		$17.NamingRule = $22
		$22.Name = Attributes
		$22.RequiredSuffixes = $23
		$23.String = Attribute
		$22.AffectedEntity = CustomAttributes
		$22.VisibilityMask = Public
		$22.NamingStyle = PascalCase
		$22.IncludeInstanceMembers = True
		$22.IncludeStaticEntities = True
		$17.NamingRule = $24
		$24.Name = Event Arguments
		$24.RequiredSuffixes = $25
		$25.String = EventArgs
		$24.AffectedEntity = CustomEventArgs
		$24.VisibilityMask = Public
		$24.NamingStyle = PascalCase
		$24.IncludeInstanceMembers = True
		$24.IncludeStaticEntities = True
		$17.NamingRule = $26
		$26.Name = Exceptions
		$26.RequiredSuffixes = $27
		$27.String = Exception
		$26.AffectedEntity = CustomExceptions
		$26.VisibilityMask = VisibilityMask
		$26.NamingStyle = PascalCase
		$26.IncludeInstanceMembers = True
		$26.IncludeStaticEntities = True
		$17.NamingRule = $28
		$28.Name = Methods
		$28.AffectedEntity = Methods
		$28.VisibilityMask = Protected, Public
		$28.NamingStyle = PascalCase
		$28.IncludeInstanceMembers = True
		$28.IncludeStaticEntities = True
		$17.NamingRule = $29
		$29.Name = Static Readonly Fields
		$29.AffectedEntity = ReadonlyField
		$29.VisibilityMask = Protected, Public
		$29.NamingStyle = PascalCase
		$29.IncludeInstanceMembers = False
		$29.IncludeStaticEntities = True
		$17.NamingRule = $30
		$30.Name = Fields
		$30.AffectedEntity = Field
		$30.VisibilityMask = Protected, Public
		$30.NamingStyle = PascalCase
		$30.IncludeInstanceMembers = True
		$30.IncludeStaticEntities = True
		$17.NamingRule = $31
		$31.Name = ReadOnly Fields
		$31.AffectedEntity = ReadonlyField
		$31.VisibilityMask = Protected, Public
		$31.NamingStyle = PascalCase
		$31.IncludeInstanceMembers = True
		$31.IncludeStaticEntities = False
		$17.NamingRule = $32
		$32.Name = Constant Fields
		$32.AffectedEntity = ConstantField
		$32.VisibilityMask = Protected, Public
		$32.NamingStyle = PascalCase
		$32.IncludeInstanceMembers = True
		$32.IncludeStaticEntities = True
		$17.NamingRule = $33
		$33.Name = Properties
		$33.AffectedEntity = Property
		$33.VisibilityMask = Protected, Public
		$33.NamingStyle = PascalCase
		$33.IncludeInstanceMembers = True
		$33.IncludeStaticEntities = True
		$17.NamingRule = $34
		$34.Name = Events
		$34.AffectedEntity = Event
		$34.VisibilityMask = Protected, Public
		$34.NamingStyle = PascalCase
		$34.IncludeInstanceMembers = True
		$34.IncludeStaticEntities = True
		$17.NamingRule = $35
		$35.Name = Enum Members
		$35.AffectedEntity = EnumMember
		$35.VisibilityMask = VisibilityMask
		$35.NamingStyle = PascalCase
		$35.IncludeInstanceMembers = True
		$35.IncludeStaticEntities = True
		$17.NamingRule = $36
		$36.Name = Parameters
		$36.AffectedEntity = Parameter
		$36.VisibilityMask = VisibilityMask
		$36.NamingStyle = CamelCase
		$36.IncludeInstanceMembers = True
		$36.IncludeStaticEntities = True
		$17.NamingRule = $37
		$37.Name = Type Parameters
		$37.RequiredPrefixes = $38
		$38.String = T
		$37.AffectedEntity = TypeParameter
		$37.VisibilityMask = VisibilityMask
		$37.NamingStyle = PascalCase
		$37.IncludeInstanceMembers = True
		$37.IncludeStaticEntities = True
		$0.VersionControlPolicy = $39
		$39.inheritsSet = Mono
	EndGlobalSection
EndGlobal
